
Microsoft Visual Studio Solution File, Format Version 12.00
# Visual Studio Version 17
VisualStudioVersion = 17.1.32210.238
MinimumVisualStudioVersion = 10.0.40219.1
Project("{FAE04EC0-301F-11D3-BF4B-00C04F79EFBC}") = "Prac03", "Prac03.csproj", "{DFAE43E5-DAC5-42B3-80E5-58564586EEC3}"
EndProject
Global
	GlobalSection(SolutionConfigurationPlatforms) = preSolution
		Debug|Any CPU = Debug|Any CPU
		Release|Any CPU = Release|Any CPU
	EndGlobalSection
	GlobalSection(ProjectConfigurationPlatforms) = postSolution
		{DFAE43E5-DAC5-42B3-80E5-58564586EEC3}.Debug|Any CPU.ActiveCfg = Debug|Any CPU
		{DFAE43E5-DAC5-42B3-80E5-58564586EEC3}.Debug|Any CPU.Build.0 = Debug|Any CPU
		{DFAE43E5-DAC5-42B3-80E5-58564586EEC3}.Release|Any CPU.ActiveCfg = Release|Any CPU
		{DFAE43E5-DAC5-42B3-80E5-58564586EEC3}.Release|Any CPU.Build.0 = Release|Any CPU
	EndGlobalSection
	GlobalSection(SolutionProperties) = preSolution
		HideSolutionNode = FALSE
	EndGlobalSection
	GlobalSection(ExtensibilityGlobals) = postSolution
		SolutionGuid = {E0FBE03E-91DB-49FA-AC92-91D5B09839DF}
	EndGlobalSection
EndGlobal
